{
  "pins" : [
    {
      "identity" : "swift-snapshot-testing",
      "kind" : "remoteSourceControl",
      "location" : "https://github.com/mschuetz72/swift-snapshot-testing",
      "state" : {
        "branch" : "main",
        "revision" : "1a1dd383a5b273f966d3bdd78aefd8902e1d3063"
      }
    }
  ],
  "version" : 2
}
